# THIS IS AN AUTOGENERATED FILE. DO NOT EDIT THIS FILE DIRECTLY.
# yarn lockfile v1


"@nodable/entities@^3.0.0":
  version "3.0.0"
  resolved "https://registry.yarnpkg.com/@nodable/entities/-/entities-3.0.0.tgz#694703bc864d30eaed55c2e3def00dbd61493670"
  integrity sha512-8L9xFeTYKhm49xfIypoe2W5wV1m/3Z58kT+7kR9A8OyFxcPduI4VmxaUMQyKYrRjUoLLSXv6EKKID5Tvj9cUVw==

"@nodelib/fs.scandir@2.1.5":
  version "2.1.5"
  resolved "https://registry.yarnpkg.com/@nodelib/fs.scandir/-/fs.scandir-2.1.5.tgz#7619c2eb21b25483f6d167548b4cfd5a7488c3d5"
  integrity sha512-vq24Bq3ym5HEQm2NKCr3yXDwjc7vTsEThRDnkp2DK9p1uqLR+DHurm/NOTo0KG7HYHU7eppKZj3MyqYuMBf62g==
  dependencies:
    "@nodelib/fs.stat" "2.0.5"
    run-parallel "^1.1.9"

"@nodelib/fs.stat@2.0.5", "@nodelib/fs.stat@^2.0.2":
  version "2.0.5"
  resolved "https://registry.yarnpkg.com/@nodelib/fs.stat/-/fs.stat-2.0.5.tgz#5bd262af94e9d25bd1e71b05deed44876a222e8b"
  integrity sha512-RkhPPp2zrqDAQA/2jNhnztcPAlv64XdhIp7a7454A5ovI7Bukxgt7MX7udwAu3zg1DcpPU0rz3VV1SeaqvY4+A==

"@nodelib/fs.walk@^1.2.3":
  version "1.2.8"
  resolved "https://registry.yarnpkg.com/@nodelib/fs.walk/-/fs.walk-1.2.8.tgz#e95737e8bb6746ddedf69c556953494f196fe69a"
  integrity sha512-oGB+UxlgWcgQkgwo8GcEGwemoTFt3FIO9ababBmaGwXIoBKZ+GTy0pP185beGg7Llih/NSHSV2XAs1lnznocSg==
  dependencies:
    "@nodelib/fs.scandir" "2.1.5"
    fastq "^1.6.0"

anynum@^1.0.1:
  version "1.0.1"
  resolved "https://registry.yarnpkg.com/anynum/-/anynum-1.0.1.tgz#2aac00e08dfad3726c1d462e60dbc2f831659a44"
  integrity sha512-N6//FLET/tXYNM/F6ABca1oH6fWB+KlTt909Le28WMDBk8oaT4vY17DCrwg2MvmuqUKt3Ni4N5dGJ/EoBgcO6A==

braces@^3.0.3:
  version "3.0.3"
  resolved "https://registry.yarnpkg.com/braces/-/braces-3.0.3.tgz#490332f40919452272d55a8480adc0c441358789"
  integrity sha512-yQbXgO/OSZVD2IsiLlro+7Hf6Q18EJrKSEsdoMzKePKXct3gvD8oLcOQdIzGupr5Fj+EDe8gO/lxc1BzfMpxvA==
  dependencies:
    fill-range "^7.1.1"

fast-glob@^3.3.2:
  version "3.3.3"
  resolved "https://registry.yarnpkg.com/fast-glob/-/fast-glob-3.3.3.tgz#d06d585ce8dba90a16b0505c543c3ccfb3aeb818"
  integrity sha512-7MptL8U0cqcFdzIzwOTHoilX9x5BrNqye7Z/LuC7kCMRio1EMSyqRK3BEAUD7sXRq4iT4AzTVuZdhgQ2TCvYLg==
  dependencies:
    "@nodelib/fs.stat" "^2.0.2"
    "@nodelib/fs.walk" "^1.2.3"
    glob-parent "^5.1.2"
    merge2 "^1.3.0"
    micromatch "^4.0.8"

fast-xml-builder@^1.2.0:
  version "1.3.1"
  resolved "https://registry.yarnpkg.com/fast-xml-builder/-/fast-xml-builder-1.3.1.tgz#ef05b353b45597483dfb09d450a062a2baec3a82"
  integrity sha512-pIM/1n3ntFXKYrUZwW7QCK0gAW7XY+wzj1YMIV3tLDvPj/V+zTGJK5e3/4WJfwj0qWw2ElNXiTixda/R+3YSug==
  dependencies:
    path-expression-matcher "^1.6.2"
    xml-naming "^0.3.0"

fast-xml-parser@^5.11.1:
  version "5.11.1"
  resolved "https://registry.yarnpkg.com/fast-xml-parser/-/fast-xml-parser-5.11.1.tgz#0ee672fcce1710c38185b8290d77e98806ff0bfb"
  integrity sha512-TBw6K/fxoQGGjCmZDw9w/ZwP3uDcnTM4YH/g+PFRWr8sbe5idXtxNN6vITh4+1ruCZaho6uBFurElsA7F0zzgw==
  dependencies:
    "@nodable/entities" "^3.0.0"
    fast-xml-builder "^1.2.0"
    is-unsafe "^2.0.0"
    path-expression-matcher "^1.6.2"
    strnum "^2.4.2"
    xml-naming "^0.3.0"

fastq@^1.6.0:
  version "1.20.3"
  resolved "https://registry.yarnpkg.com/fastq/-/fastq-1.20.3.tgz#7ab8731e647b56abcfeee997dae333ca3ee1d04d"
  integrity sha512-XKv5nnLs6nLF71NgiKJLIZFLkPyIEuOselLG7ujZnGrRfQK8HpvY+WqKhAJUAdLomwVHErVS4LfxFlPq0/FTAw==
  dependencies:
    reusify "^1.0.4"

fill-range@^7.1.1:
  version "7.1.1"
  resolved "https://registry.yarnpkg.com/fill-range/-/fill-range-7.1.1.tgz#44265d3cac07e3ea7dc247516380643754a05292"
  integrity sha512-YsGpe3WHLK8ZYi4tWDg2Jy3ebRz2rXowDxnld4bkQB00cc/1Zw9AWnC0i9ztDJitivtQvaI9KaLyKrc+hBW0yg==
  dependencies:
    to-regex-range "^5.0.1"

glob-parent@^5.1.2:
  version "5.1.2"
  resolved "https://registry.yarnpkg.com/glob-parent/-/glob-parent-5.1.2.tgz#869832c58034fe68a4093c17dc15e8340d8401c4"
  integrity sha512-AOIgSQCepiJYwP3ARnGx+5VnTu2HBYdzbGP45eLw1vr3zB3vZLeyed1sC9hnbcOc9/SrMyM5RPQrkGz4aS9Zow==
  dependencies:
    is-glob "^4.0.1"

is-extglob@^2.1.1:
  version "2.1.1"
  resolved "https://registry.yarnpkg.com/is-extglob/-/is-extglob-2.1.1.tgz#a88c02535791f02ed37c76a1b9ea9773c833f8c2"
  integrity sha512-SbKbANkN603Vi4jEZv49LeVJMn4yGwsbzZworEoyEiutsN3nJYdbO36zfhGJ6QEDpOZIFkDtnq5JRxmvl3jsoQ==

is-glob@^4.0.1:
  version "4.0.3"
  resolved "https://registry.yarnpkg.com/is-glob/-/is-glob-4.0.3.tgz#64f61e42cbbb2eec2071a9dac0b28ba1e65d5084"
  integrity sha512-xelSayHH36ZgE7ZWhli7pW34hNbNl8Ojv5KVmkJD4hBdD3th8Tfk9vYasLM+mXWOZhFkgZfxhLSnrwRr4elSSg==
  dependencies:
    is-extglob "^2.1.1"

is-number@^7.0.0:
  version "7.0.0"
  resolved "https://registry.yarnpkg.com/is-number/-/is-number-7.0.0.tgz#7535345b896734d5f80c4d06c50955527a14f12b"
  integrity sha512-41Cifkg6e8TylSpdtTpeLVMqvSBEVzTttHvERD741+pnZ8ANv0004MRL43QKPDlK9cGvNp6NZWZUBlbGXYxxng==

is-unsafe@^2.0.0:
  version "2.0.2"
  resolved "https://registry.yarnpkg.com/is-unsafe/-/is-unsafe-2.0.2.tgz#bb1ead17f1aa688f6433258b561e98b1a45a1afc"
  integrity sha512-HgbIHPBH0KHHCcjLfGsCvhtPTVxjaAZlXjwdz7/GQC40SjSe4sfQsar8J5VFo8JOSbarkpV0OLG95bbaNd9aAQ==

merge2@^1.3.0:
  version "1.4.1"
  resolved "https://registry.yarnpkg.com/merge2/-/merge2-1.4.1.tgz#4368892f885e907455a6fd7dc55c0c9d404990ae"
  integrity sha512-8q7VEgMJW4J8tcfVPy8g09NcQwZdbwFEqhe/WZkoIzjn/3TGDwtOCYtXGxA3O8tPzpczCCDgv+P2P5y00ZJOOg==

micromatch@^4.0.8:
  version "4.0.8"
  resolved "https://registry.yarnpkg.com/micromatch/-/micromatch-4.0.8.tgz#d66fa18f3a47076789320b9b1af32bd86d9fa202"
  integrity sha512-PXwfBhYu0hBCPw8Dn0E+WDYb7af3dSLVWKi3HGv84IdF4TyFoC0ysxFd0Goxw7nSv4T/PzEJQxsYsEiFCKo2BA==
  dependencies:
    braces "^3.0.3"
    picomatch "^2.3.1"

path-expression-matcher@^1.6.2:
  version "1.6.2"
  resolved "https://registry.yarnpkg.com/path-expression-matcher/-/path-expression-matcher-1.6.2.tgz#567c73c07197e9dcef24e90edcdc571056599168"
  integrity sha512-enSlaiat05iasnzmgNxRj8reFdj3puY2QpNgP1aPIaVfT6nn9ICuPoFlKHk8EN22HcwewshO+mN2DGbkCEOtqQ==

picomatch@^2.3.1:
  version "2.3.2"
  resolved "https://registry.yarnpkg.com/picomatch/-/picomatch-2.3.2.tgz#5a942915e26b372dc0f0e6753149a16e6b1c5601"
  integrity sha512-V7+vQEJ06Z+c5tSye8S+nHUfI51xoXIXjHQ99cQtKUkQqqO1kO/KCJUfZXuB47h/YBlDhah2H3hdUGXn8ie0oA==

queue-microtask@^1.2.2:
  version "1.2.3"
  resolved "https://registry.yarnpkg.com/queue-microtask/-/queue-microtask-1.2.3.tgz#4929228bbc724dfac43e0efb058caf7b6cfb6243"
  integrity sha512-NuaNSa6flKT5JaSYQzJok04JzTL1CA6aGhv5rfLW3PgqA+M2ChpZQnAC8h8i4ZFkBS8X5RqkDBHA7r4hej3K9A==

reusify@^1.0.4:
  version "1.1.0"
  resolved "https://registry.yarnpkg.com/reusify/-/reusify-1.1.0.tgz#0fe13b9522e1473f51b558ee796e08f11f9b489f"
  integrity sha512-g6QUff04oZpHs0eG5p83rFLhHeV00ug/Yf9nZM6fLeUrPguBTkTQOdpAWWspMh55TZfVQDPaN3NQJfbVRAxdIw==

run-parallel@^1.1.9:
  version "1.2.0"
  resolved "https://registry.yarnpkg.com/run-parallel/-/run-parallel-1.2.0.tgz#66d1368da7bdf921eb9d95bd1a9229e7f21a43ee"
  integrity sha512-5l4VyZR86LZ/lDxZTR6jqL8AFE2S0IFLMP26AbjsLVADxHdhB/c0GUsH+y39UfCi3dzz8OlQuPmnaJOMoDHQBA==
  dependencies:
    queue-microtask "^1.2.2"

strnum@^2.4.2:
  version "2.4.2"
  resolved "https://registry.yarnpkg.com/strnum/-/strnum-2.4.2.tgz#af43ab51a06d04227023fc2e42ca229214ec10f0"
  integrity sha512-rDG3Ah4TV0k1hWvLSzkZtMmLN9+eS+h3knq4MP6A42Y3Yh5qGNnOUs1jJkoSr8FG5dsL28c7KgkIBzSEykqtuw==
  dependencies:
    anynum "^1.0.1"

to-regex-range@^5.0.1:
  version "5.0.1"
  resolved "https://registry.yarnpkg.com/to-regex-range/-/to-regex-range-5.0.1.tgz#1648c44aae7c8d988a326018ed72f5b4dd0392e4"
  integrity sha512-65P7iz6X5yEr1cwcgvQxbbIw7Uk3gOy5dIdtZ4rDveLqhrdJP+Li/Hx6tyK0NEb+2GCyneCMJiGqrADCSNk8sQ==
  dependencies:
    is-number "^7.0.0"

ts-fusion-parser@^0.2.2:
  version "0.2.2"
  resolved "https://registry.yarnpkg.com/ts-fusion-parser/-/ts-fusion-parser-0.2.2.tgz#55cf91e005f8dcae78a431b06063a3e5edc68831"
  integrity sha512-dB7XUUnk4OP5eixa8nhRkNJSCVO8cm4RnDD/zFgLvTnz4/eucUjtxdEug92GzFcoOv+L9/f5I9LI7RC/h0wKjg==

ts-fusion-runtime@^0.2.5:
  version "0.2.5"
  resolved "https://registry.yarnpkg.com/ts-fusion-runtime/-/ts-fusion-runtime-0.2.5.tgz#985cc33913804ef1390386119a9269a0508489e9"
  integrity sha512-VAJ5vtVzRWExiUhtIGJbowbOuPNGZrnP7seZf2cN0DKJJuq24rRqDWAWhfIrlk/e3yef0jy+GydiXUmrzRErJw==
  dependencies:
    fast-glob "^3.3.2"
    ts-fusion-parser "^0.2.2"

vscode-jsonrpc@9.0.2:
  version "9.0.2"
  resolved "https://registry.yarnpkg.com/vscode-jsonrpc/-/vscode-jsonrpc-9.0.2.tgz#086b76c4f94f1b0743deeac4e0b57c9c4a55e81d"
  integrity sha512-SbQSV9yRemARxeXw6LU5sS6Zq0e9/DgCCX5yelH263ZQWukbTk8EF8fjTrr1dziasf4GwlJbvTwFnTrnQFWZXQ==

vscode-languageserver-protocol@3.18.3:
  version "3.18.3"
  resolved "https://registry.yarnpkg.com/vscode-languageserver-protocol/-/vscode-languageserver-protocol-3.18.3.tgz#6393a08060fb94f5529243fa3be056c676398211"
  integrity sha512-DF49+WeV5py4zO5hhobp60jjsDSK0lAqA0OuKBLBvp423HPWQcCbhZz3JgyfIewsEz2f8U+X75xNIFHdiXZm2w==
  dependencies:
    vscode-jsonrpc "9.0.2"
    vscode-languageserver-types "3.18.3"

vscode-languageserver-textdocument@^1.0.14:
  version "1.0.14"
  resolved "https://registry.yarnpkg.com/vscode-languageserver-textdocument/-/vscode-languageserver-textdocument-1.0.14.tgz#7731b808ba1a907e3560d5e4317bcd14baf819ce"
  integrity sha512-EQyqJMi552E4ZTf46izQ4Fj6XquqxCySR3J5ZSD1SisMf6RfpeOWHxGBE8Gr6V0/3GHIGdAzDn8F8+1nTGCnoQ==

vscode-languageserver-types@3.18.3:
  version "3.18.3"
  resolved "https://registry.yarnpkg.com/vscode-languageserver-types/-/vscode-languageserver-types-3.18.3.tgz#eb296c42fd659375a82951b9cc33e7672ba9efe7"
  integrity sha512-XIlzJ7Qp/jzSI1ds7/FwPAWrPeTZA7pAtlW4hdJ1J6xXWJL6dR9QYnDhJOdLzdKhUQ5Mm6mvUMw+3DcOQQasPw==

vscode-languageserver@^10.1.1:
  version "10.1.1"
  resolved "https://registry.yarnpkg.com/vscode-languageserver/-/vscode-languageserver-10.1.1.tgz#300898e9a88198fb074e8290a2e6a471e94fd484"
  integrity sha512-/cG04Fiq99rEtoDrfPpv0k6NyUFlck5GNtZLQZv1rxkBkc/4FrJNvEKTN5k1Si3O1hRguP++ciYlX9cdjdYxFQ==
  dependencies:
    vscode-languageserver-protocol "3.18.3"

vscode-uri@^3.2.0:
  version "3.2.0"
  resolved "https://registry.yarnpkg.com/vscode-uri/-/vscode-uri-3.2.0.tgz#1cb1fd3cee7426b66732afc3fb86343d596d5fb4"
  integrity sha512-m2gXo3bn0G1kT9InzMf07fTbqMbGtyckj3bH5ktLO+1Ssv+yiATZ4dhwaQv9UZWxJh6E9IFGnQyjgWVDWVBDrg==

xml-naming@^0.3.0:
  version "0.3.0"
  resolved "https://registry.yarnpkg.com/xml-naming/-/xml-naming-0.3.0.tgz#46c1e18bfe2858479982dd2accf34d16e749eda2"
  integrity sha512-ghig2TBE/H11aOVgmahA3MhimvkBr6JIYknH/Dhdk10nXwdbIqBJsbfMxpvFPG8bAw77gN29aQWvKpmVoPlvPQ==

yaml@^2.9.0:
  version "2.9.0"
  resolved "https://registry.yarnpkg.com/yaml/-/yaml-2.9.0.tgz#78274afd93598a1dfdd6130df6a566defcbf9aa4"
  integrity sha512-2AvhNX3mb8zd6Zy7INTtSpl1F15HW6Wnqj0srWlkKLcpYl/gMIMJiyuGq2KeI2YFxUPjdlB+3Lc10seMLtL4cA==
